
Microsoft Visual Studio Solution File, Format Version 12.00
# Visual Studio Version 17
VisualStudioVersion = 17.8.34330.188
MinimumVisualStudioVersion = 10.0.40219.1
Project("{9A19103F-16F7-4668-BE54-9A1E7A4F7556}") = "RentEZ.WebAPI", "RentEZ.WebAPI\RentEZ.WebAPI.csproj", "{1F65FA7C-325E-4A77-94EC-BC4A1079C4E0}"
EndProject
Project("{2150E333-8FDC-42A3-9474-1A3956D46DE8}") = "1.Web", "1.Web", "{C6D0F0FB-F678-4257-8ED2-8A64E2072BE0}"
EndProject
Project("{2150E333-8FDC-42A3-9474-1A3956D46DE8}") = "2.Service", "2.Service", "{EF28D077-2B17-46F0-8225-A1B235B97BD8}"
EndProject
Project("{2150E333-8FDC-42A3-9474-1A3956D46DE8}") = "3.DataAccess", "3.DataAccess", "{0DA7673C-5192-410E-9748-BB4911C48A73}"
EndProject
Project("{2150E333-8FDC-42A3-9474-1A3956D46DE8}") = "4.Core", "4.Core", "{AA483E36-8A7F-494B-9ABC-C3D13FC4B747}"
EndProject
Project("{9A19103F-16F7-4668-BE54-9A1E7A4F7556}") = "Service", "Service\Service.csproj", "{020C3AFC-A7FD-40EC-B087-24DBCB067F8F}"
EndProject
Project("{9A19103F-16F7-4668-BE54-9A1E7A4F7556}") = "Repository", "Repository\Repository.csproj", "{9DB4FDBF-1628-4E8B-8C24-3C1A52D12D91}"
EndProject
Project("{9A19103F-16F7-4668-BE54-9A1E7A4F7556}") = "Utility", "Utility\Utility.csproj", "{41DD8FC7-3DB2-48BC-852E-FCF508FD2C5C}"
EndProject
Global
	GlobalSection(SolutionConfigurationPlatforms) = preSolution
		Debug|Any CPU = Debug|Any CPU
		Release|Any CPU = Release|Any CPU
	EndGlobalSection
	GlobalSection(ProjectConfigurationPlatforms) = postSolution
		{1F65FA7C-325E-4A77-94EC-BC4A1079C4E0}.Debug|Any CPU.ActiveCfg = Debug|Any CPU
		{1F65FA7C-325E-4A77-94EC-BC4A1079C4E0}.Debug|Any CPU.Build.0 = Debug|Any CPU
		{1F65FA7C-325E-4A77-94EC-BC4A1079C4E0}.Release|Any CPU.ActiveCfg = Release|Any CPU
		{1F65FA7C-325E-4A77-94EC-BC4A1079C4E0}.Release|Any CPU.Build.0 = Release|Any CPU
		{020C3AFC-A7FD-40EC-B087-24DBCB067F8F}.Debug|Any CPU.ActiveCfg = Debug|Any CPU
		{020C3AFC-A7FD-40EC-B087-24DBCB067F8F}.Debug|Any CPU.Build.0 = Debug|Any CPU
		{020C3AFC-A7FD-40EC-B087-24DBCB067F8F}.Release|Any CPU.ActiveCfg = Release|Any CPU
		{020C3AFC-A7FD-40EC-B087-24DBCB067F8F}.Release|Any CPU.Build.0 = Release|Any CPU
		{9DB4FDBF-1628-4E8B-8C24-3C1A52D12D91}.Debug|Any CPU.ActiveCfg = Debug|Any CPU
		{9DB4FDBF-1628-4E8B-8C24-3C1A52D12D91}.Debug|Any CPU.Build.0 = Debug|Any CPU
		{9DB4FDBF-1628-4E8B-8C24-3C1A52D12D91}.Release|Any CPU.ActiveCfg = Release|Any CPU
		{9DB4FDBF-1628-4E8B-8C24-3C1A52D12D91}.Release|Any CPU.Build.0 = Release|Any CPU
		{41DD8FC7-3DB2-48BC-852E-FCF508FD2C5C}.Debug|Any CPU.ActiveCfg = Debug|Any CPU
		{41DD8FC7-3DB2-48BC-852E-FCF508FD2C5C}.Debug|Any CPU.Build.0 = Debug|Any CPU
		{41DD8FC7-3DB2-48BC-852E-FCF508FD2C5C}.Release|Any CPU.ActiveCfg = Release|Any CPU
		{41DD8FC7-3DB2-48BC-852E-FCF508FD2C5C}.Release|Any CPU.Build.0 = Release|Any CPU
	EndGlobalSection
	GlobalSection(SolutionProperties) = preSolution
		HideSolutionNode = FALSE
	EndGlobalSection
	GlobalSection(NestedProjects) = preSolution
		{1F65FA7C-325E-4A77-94EC-BC4A1079C4E0} = {C6D0F0FB-F678-4257-8ED2-8A64E2072BE0}
		{020C3AFC-A7FD-40EC-B087-24DBCB067F8F} = {EF28D077-2B17-46F0-8225-A1B235B97BD8}
		{9DB4FDBF-1628-4E8B-8C24-3C1A52D12D91} = {0DA7673C-5192-410E-9748-BB4911C48A73}
		{41DD8FC7-3DB2-48BC-852E-FCF508FD2C5C} = {AA483E36-8A7F-494B-9ABC-C3D13FC4B747}
	EndGlobalSection
	GlobalSection(ExtensibilityGlobals) = postSolution
		SolutionGuid = {B3886C83-4FCE-4063-8EC3-2AD4131689F9}
	EndGlobalSection
EndGlobal
